
Microsoft Visual Studio Solution File, Format Version 11.00
# Visual Studio 2010
Project("{8BC9CEB8-8B4A-11D0-8D11-00A0C91BC942}") = "成绩管理系统", "成绩管理系统\成绩管理系统.vcxproj", "{7A8F0496-FD3A-41B8-A015-4AE6A80192DD}"
EndProject
Global
	GlobalSection(SolutionConfigurationPlatforms) = preSolution
		Debug|Win32 = Debug|Win32
		Release|Win32 = Release|Win32
	EndGlobalSection
	GlobalSection(ProjectConfigurationPlatforms) = postSolution
		{7A8F0496-FD3A-41B8-A015-4AE6A80192DD}.Debug|Win32.ActiveCfg = Debug|Win32
		{7A8F0496-FD3A-41B8-A015-4AE6A80192DD}.Debug|Win32.Build.0 = Debug|Win32
		{7A8F0496-FD3A-41B8-A015-4AE6A80192DD}.Release|Win32.ActiveCfg = Release|Win32
		{7A8F0496-FD3A-41B8-A015-4AE6A80192DD}.Release|Win32.Build.0 = Release|Win32
	EndGlobalSection
	GlobalSection(SolutionProperties) = preSolution
		HideSolutionNode = FALSE
	EndGlobalSection
EndGlobal
